
Microsoft Visual Studio Solution File, Format Version 12.00
# Visual Studio Version 17
VisualStudioVersion = 17.5.002.0
MinimumVisualStudioVersion = 10.0.40219.1
Project("{9A19103F-16F7-4668-BE54-9A1E7A4F7556}") = "RunningGroupWebApp", "RunningGroupWebApp.csproj", "{CA30F005-9EDB-4AF8-80BA-60F356D29BF7}"
EndProject
Global
	GlobalSection(SolutionConfigurationPlatforms) = preSolution
		Debug|Any CPU = Debug|Any CPU
		Release|Any CPU = Release|Any CPU
	EndGlobalSection
	GlobalSection(ProjectConfigurationPlatforms) = postSolution
		{CA30F005-9EDB-4AF8-80BA-60F356D29BF7}.Debug|Any CPU.ActiveCfg = Debug|Any CPU
		{CA30F005-9EDB-4AF8-80BA-60F356D29BF7}.Debug|Any CPU.Build.0 = Debug|Any CPU
		{CA30F005-9EDB-4AF8-80BA-60F356D29BF7}.Release|Any CPU.ActiveCfg = Release|Any CPU
		{CA30F005-9EDB-4AF8-80BA-60F356D29BF7}.Release|Any CPU.Build.0 = Release|Any CPU
	EndGlobalSection
	GlobalSection(SolutionProperties) = preSolution
		HideSolutionNode = FALSE
	EndGlobalSection
	GlobalSection(ExtensibilityGlobals) = postSolution
		SolutionGuid = {E0AD35E2-0B1A-423D-89DA-9DE62AA41AA8}
	EndGlobalSection
EndGlobal
